# This file is autogenerated, do not edit; changes may be undone by the next 'dep ensure'.


[[projects]]
  branch = "master"
  name = "github.com/c9s/inflect"
  packages = ["."]
  revision = "006c50878f3f13ce1ea1301c513b03edd985e8f2"

[solve-meta]
  analyzer-name = "dep"
  analyzer-version = 1
  inputs-digest = "634abe910bc73f0f9e8d7233b78d1ec5a8652be285935f9741c1c6de5ec7457d"
  solver-name = "gps-cdcl"
  solver-version = 1
